
Microsoft Visual Studio Solution File, Format Version 12.00
# Visual Studio 15
VisualStudioVersion = 15.0.28307.572
MinimumVisualStudioVersion = 10.0.40219.1
Project("{FAE04EC0-301F-11D3-BF4B-00C04F79EFBC}") = "MVCFlat", "MVCFlat\MVCFlat.csproj", "{2DFAD29D-DF6C-40D1-A2F8-AC10B1FE2C37}"
EndProject
Project("{FAE04EC0-301F-11D3-BF4B-00C04F79EFBC}") = "Entity", "Entity\Entity.csproj", "{C9DBC11A-6490-4F61-995F-A0FACEC97A04}"
EndProject
Global
	GlobalSection(SolutionConfigurationPlatforms) = preSolution
		Debug|Any CPU = Debug|Any CPU
		Release|Any CPU = Release|Any CPU
	EndGlobalSection
	GlobalSection(ProjectConfigurationPlatforms) = postSolution
		{2DFAD29D-DF6C-40D1-A2F8-AC10B1FE2C37}.Debug|Any CPU.ActiveCfg = Debug|Any CPU
		{2DFAD29D-DF6C-40D1-A2F8-AC10B1FE2C37}.Debug|Any CPU.Build.0 = Debug|Any CPU
		{2DFAD29D-DF6C-40D1-A2F8-AC10B1FE2C37}.Release|Any CPU.ActiveCfg = Release|Any CPU
		{2DFAD29D-DF6C-40D1-A2F8-AC10B1FE2C37}.Release|Any CPU.Build.0 = Release|Any CPU
		{C9DBC11A-6490-4F61-995F-A0FACEC97A04}.Debug|Any CPU.ActiveCfg = Debug|Any CPU
		{C9DBC11A-6490-4F61-995F-A0FACEC97A04}.Debug|Any CPU.Build.0 = Debug|Any CPU
		{C9DBC11A-6490-4F61-995F-A0FACEC97A04}.Release|Any CPU.ActiveCfg = Release|Any CPU
		{C9DBC11A-6490-4F61-995F-A0FACEC97A04}.Release|Any CPU.Build.0 = Release|Any CPU
	EndGlobalSection
	GlobalSection(SolutionProperties) = preSolution
		HideSolutionNode = FALSE
	EndGlobalSection
	GlobalSection(ExtensibilityGlobals) = postSolution
		SolutionGuid = {6755E977-21B8-4751-AB0C-134A3B165071}
	EndGlobalSection
EndGlobal
